// !$*UTF8*$!
{
	archiveVersion = 1;
	classes = {
	};
	objectVersion = 55;
	objects = {

/* Begin PBXBuildFile section */
		FE87E914278D9750007A9981 /* AppDelegate.swift in Sources */ = {isa = PBXBuildFile; fileRef = FE87E913278D9750007A9981 /* AppDelegate.swift */; };
		FE87E916278D9750007A9981 /* SceneDelegate.swift in Sources */ = {isa = PBXBuildFile; fileRef = FE87E915278D9750007A9981 /* SceneDelegate.swift */; };
		FE87E918278D9750007A9981 /* MainViewController.swift in Sources */ = {isa = PBXBuildFile; fileRef = FE87E917278D9750007A9981 /* MainViewController.swift */; };
		FE87E91D278D9751007A9981 /* Assets.xcassets in Resources */ = {isa = PBXBuildFile; fileRef = FE87E91C278D9751007A9981 /* Assets.xcassets */; };
		FE87E920278D9751007A9981 /* LaunchScreen.storyboard in Resources */ = {isa = PBXBuildFile; fileRef = FE87E91E278D9751007A9981 /* LaunchScreen.storyboard */; };
		FE87E928278D9837007A9981 /* MyTableCell.swift in Sources */ = {isa = PBXBuildFile; fileRef = FE87E927278D9837007A9981 /* MyTableCell.swift */; };
		FE87E92A278D983F007A9981 /* YourTableCell.swift in Sources */ = {isa = PBXBuildFile; fileRef = FE87E929278D983F007A9981 /* YourTableCell.swift */; };
		FE87E92D278D985E007A9981 /* SnapKit in Frameworks */ = {isa = PBXBuildFile; productRef = FE87E92C278D985E007A9981 /* SnapKit */; };
		FE87E92F278D9891007A9981 /* MainView.swift in Sources */ = {isa = PBXBuildFile; fileRef = FE87E92E278D9891007A9981 /* MainView.swift */; };
		FE87E931278D98AC007A9981 /* BaseViewController.swift in Sources */ = {isa = PBXBuildFile; fileRef = FE87E930278D98AC007A9981 /* BaseViewController.swift */; };
		FE87E933278D9966007A9981 /* BaseView.swift in Sources */ = {isa = PBXBuildFile; fileRef = FE87E932278D9966007A9981 /* BaseView.swift */; };
		FE87E935278DA255007A9981 /* TableViewCellExtension.swift in Sources */ = {isa = PBXBuildFile; fileRef = FE87E934278DA255007A9981 /* TableViewCellExtension.swift */; };
		FE87E94527900AB7007A9981 /* Observable.swift in Sources */ = {isa = PBXBuildFile; fileRef = FE87E94427900AB7007A9981 /* Observable.swift */; };
		FE87E94727900B52007A9981 /* MainModel.swift in Sources */ = {isa = PBXBuildFile; fileRef = FE87E94627900B52007A9981 /* MainModel.swift */; };
		FE87E94927900F5E007A9981 /* MainViewModel.swift in Sources */ = {isa = PBXBuildFile; fileRef = FE87E94827900F5E007A9981 /* MainViewModel.swift */; };
/* End PBXBuildFile section */

/* Begin PBXFileReference section */
		FE87E910278D9750007A9981 /* chatting.app */ = {isa = PBXFileReference; explicitFileType = wrapper.application; includeInIndex = 0; path = chatting.app; sourceTree = BUILT_PRODUCTS_DIR; };
		FE87E913278D9750007A9981 /* AppDelegate.swift */ = {isa = PBXFileReference; lastKnownFileType = sourcecode.swift; path = AppDelegate.swift; sourceTree = "<group>"; };
		FE87E915278D9750007A9981 /* SceneDelegate.swift */ = {isa = PBXFileReference; lastKnownFileType = sourcecode.swift; path = SceneDelegate.swift; sourceTree = "<group>"; };
		FE87E917278D9750007A9981 /* MainViewController.swift */ = {isa = PBXFileReference; lastKnownFileType = sourcecode.swift; path = MainViewController.swift; sourceTree = "<group>"; };
		FE87E91C278D9751007A9981 /* Assets.xcassets */ = {isa = PBXFileReference; lastKnownFileType = folder.assetcatalog; path = Assets.xcassets; sourceTree = "<group>"; };
		FE87E91F278D9751007A9981 /* Base */ = {isa = PBXFileReference; lastKnownFileType = file.storyboard; name = Base; path = Base.lproj/LaunchScreen.storyboard; sourceTree = "<group>"; };
		FE87E921278D9751007A9981 /* Info.plist */ = {isa = PBXFileReference; lastKnownFileType = text.plist.xml; path = Info.plist; sourceTree = "<group>"; };
		FE87E927278D9837007A9981 /* MyTableCell.swift */ = {isa = PBXFileReference; lastKnownFileType = sourcecode.swift; path = MyTableCell.swift; sourceTree = "<group>"; };
		FE87E929278D983F007A9981 /* YourTableCell.swift */ = {isa = PBXFileReference; lastKnownFileType = sourcecode.swift; path = YourTableCell.swift; sourceTree = "<group>"; };
		FE87E92E278D9891007A9981 /* MainView.swift */ = {isa = PBXFileReference; lastKnownFileType = sourcecode.swift; path = MainView.swift; sourceTree = "<group>"; };
		FE87E930278D98AC007A9981 /* BaseViewController.swift */ = {isa = PBXFileReference; lastKnownFileType = sourcecode.swift; path = BaseViewController.swift; sourceTree = "<group>"; };
		FE87E932278D9966007A9981 /* BaseView.swift */ = {isa = PBXFileReference; lastKnownFileType = sourcecode.swift; path = BaseView.swift; sourceTree = "<group>"; };
		FE87E934278DA255007A9981 /* TableViewCellExtension.swift */ = {isa = PBXFileReference; lastKnownFileType = sourcecode.swift; path = TableViewCellExtension.swift; sourceTree = "<group>"; };
		FE87E94427900AB7007A9981 /* Observable.swift */ = {isa = PBXFileReference; lastKnownFileType = sourcecode.swift; path = Observable.swift; sourceTree = "<group>"; };
		FE87E94627900B52007A9981 /* MainModel.swift */ = {isa = PBXFileReference; lastKnownFileType = sourcecode.swift; path = MainModel.swift; sourceTree = "<group>"; };
		FE87E94827900F5E007A9981 /* MainViewModel.swift */ = {isa = PBXFileReference; lastKnownFileType = sourcecode.swift; path = MainViewModel.swift; sourceTree = "<group>"; };
/* End PBXFileReference section */

/* Begin PBXFrameworksBuildPhase section */
		FE87E90D278D9750007A9981 /* Frameworks */ = {
			isa = PBXFrameworksBuildPhase;
			buildActionMask = 2147483647;
			files = (
				FE87E92D278D985E007A9981 /* SnapKit in Frameworks */,
			);
			runOnlyForDeploymentPostprocessing = 0;
		};
/* End PBXFrameworksBuildPhase section */

/* Begin PBXGroup section */
		FE87E907278D9750007A9981 = {
			isa = PBXGroup;
			children = (
				FE87E912278D9750007A9981 /* chatting */,
				FE87E911278D9750007A9981 /* Products */,
			);
			sourceTree = "<group>";
		};
		FE87E911278D9750007A9981 /* Products */ = {
			isa = PBXGroup;
			children = (
				FE87E910278D9750007A9981 /* chatting.app */,
			);
			name = Products;
			sourceTree = "<group>";
		};
		FE87E912278D9750007A9981 /* chatting */ = {
			isa = PBXGroup;
			children = (
				FE87E913278D9750007A9981 /* AppDelegate.swift */,
				FE87E915278D9750007A9981 /* SceneDelegate.swift */,
				FE87E917278D9750007A9981 /* MainViewController.swift */,
				FE87E94627900B52007A9981 /* MainModel.swift */,
				FE87E94827900F5E007A9981 /* MainViewModel.swift */,
				FE87E927278D9837007A9981 /* MyTableCell.swift */,
				FE87E929278D983F007A9981 /* YourTableCell.swift */,
				FE87E92E278D9891007A9981 /* MainView.swift */,
				FE87E930278D98AC007A9981 /* BaseViewController.swift */,
				FE87E932278D9966007A9981 /* BaseView.swift */,
				FE87E934278DA255007A9981 /* TableViewCellExtension.swift */,
				FE87E91C278D9751007A9981 /* Assets.xcassets */,
				FE87E91E278D9751007A9981 /* LaunchScreen.storyboard */,
				FE87E921278D9751007A9981 /* Info.plist */,
				FE87E94427900AB7007A9981 /* Observable.swift */,
			);
			path = chatting;
			sourceTree = "<group>";
		};
/* End PBXGroup section */

/* Begin PBXNativeTarget section */
		FE87E90F278D9750007A9981 /* chatting */ = {
			isa = PBXNativeTarget;
			buildConfigurationList = FE87E924278D9751007A9981 /* Build configuration list for PBXNativeTarget "chatting" */;
			buildPhases = (
				FE87E90C278D9750007A9981 /* Sources */,
				FE87E90D278D9750007A9981 /* Frameworks */,
				FE87E90E278D9750007A9981 /* Resources */,
			);
			buildRules = (
			);
			dependencies = (
			);
			name = chatting;
			packageProductDependencies = (
				FE87E92C278D985E007A9981 /* SnapKit */,
			);
			productName = chatting;
			productReference = FE87E910278D9750007A9981 /* chatting.app */;
			productType = "com.apple.product-type.application";
		};
/* End PBXNativeTarget section */

/* Begin PBXProject section */
		FE87E908278D9750007A9981 /* Project object */ = {
			isa = PBXProject;
			attributes = {
				BuildIndependentTargetsInParallel = 1;
				LastSwiftUpdateCheck = 1310;
				LastUpgradeCheck = 1310;
				TargetAttributes = {
					FE87E90F278D9750007A9981 = {
						CreatedOnToolsVersion = 13.1;
					};
				};
			};
			buildConfigurationList = FE87E90B278D9750007A9981 /* Build configuration list for PBXProject "chatting" */;
			compatibilityVersion = "Xcode 13.0";
			developmentRegion = en;
			hasScannedForEncodings = 0;
			knownRegions = (
				en,
				Base,
			);
			mainGroup = FE87E907278D9750007A9981;
			packageReferences = (
				FE87E92B278D985E007A9981 /* XCRemoteSwiftPackageReference "SnapKit" */,
			);
			productRefGroup = FE87E911278D9750007A9981 /* Products */;
			projectDirPath = "";
			projectRoot = "";
			targets = (
				FE87E90F278D9750007A9981 /* chatting */,
			);
		};
/* End PBXProject section */

/* Begin PBXResourcesBuildPhase section */
		FE87E90E278D9750007A9981 /* Resources */ = {
			isa = PBXResourcesBuildPhase;
			buildActionMask = 2147483647;
			files = (
				FE87E920278D9751007A9981 /* LaunchScreen.storyboard in Resources */,
				FE87E91D278D9751007A9981 /* Assets.xcassets in Resources */,
			);
			runOnlyForDeploymentPostprocessing = 0;
		};
/* End PBXResourcesBuildPhase section */

/* Begin PBXSourcesBuildPhase section */
		FE87E90C278D9750007A9981 /* Sources */ = {
			isa = PBXSourcesBuildPhase;
			buildActionMask = 2147483647;
			files = (
				FE87E92A278D983F007A9981 /* YourTableCell.swift in Sources */,
				FE87E92F278D9891007A9981 /* MainView.swift in Sources */,
				FE87E935278DA255007A9981 /* TableViewCellExtension.swift in Sources */,
				FE87E918278D9750007A9981 /* MainViewController.swift in Sources */,
				FE87E914278D9750007A9981 /* AppDelegate.swift in Sources */,
				FE87E94527900AB7007A9981 /* Observable.swift in Sources */,
				FE87E94727900B52007A9981 /* MainModel.swift in Sources */,
				FE87E928278D9837007A9981 /* MyTableCell.swift in Sources */,
				FE87E931278D98AC007A9981 /* BaseViewController.swift in Sources */,
				FE87E916278D9750007A9981 /* SceneDelegate.swift in Sources */,
				FE87E933278D9966007A9981 /* BaseView.swift in Sources */,
				FE87E94927900F5E007A9981 /* MainViewModel.swift in Sources */,
			);
			runOnlyForDeploymentPostprocessing = 0;
		};
/* End PBXSourcesBuildPhase section */

/* Begin PBXVariantGroup section */
		FE87E91E278D9751007A9981 /* LaunchScreen.storyboard */ = {
			isa = PBXVariantGroup;
			children = (
				FE87E91F278D9751007A9981 /* Base */,
			);
			name = LaunchScreen.storyboard;
			sourceTree = "<group>";
		};
/* End PBXVariantGroup section */

/* Begin XCBuildConfiguration section */
		FE87E922278D9751007A9981 /* Debug */ = {
			isa = XCBuildConfiguration;
			buildSettings = {
				ALWAYS_SEARCH_USER_PATHS = NO;
				CLANG_ANALYZER_NONNULL = YES;
				CLANG_ANALYZER_NUMBER_OBJECT_CONVERSION = YES_AGGRESSIVE;
				CLANG_CXX_LANGUAGE_STANDARD = "gnu++17";
				CLANG_CXX_LIBRARY = "libc++";
				CLANG_ENABLE_MODULES = YES;
				CLANG_ENABLE_OBJC_ARC = YES;
				CLANG_ENABLE_OBJC_WEAK = YES;
				CLANG_WARN_BLOCK_CAPTURE_AUTORELEASING = YES;
				CLANG_WARN_BOOL_CONVERSION = YES;
				CLANG_WARN_COMMA = YES;
				CLANG_WARN_CONSTANT_CONVERSION = YES;
				CLANG_WARN_DEPRECATED_OBJC_IMPLEMENTATIONS = YES;
				CLANG_WARN_DIRECT_OBJC_ISA_USAGE = YES_ERROR;
				CLANG_WARN_DOCUMENTATION_COMMENTS = YES;
				CLANG_WARN_EMPTY_BODY = YES;
				CLANG_WARN_ENUM_CONVERSION = YES;
				CLANG_WARN_INFINITE_RECURSION = YES;
				CLANG_WARN_INT_CONVERSION = YES;
				CLANG_WARN_NON_LITERAL_NULL_CONVERSION = YES;
				CLANG_WARN_OBJC_IMPLICIT_RETAIN_SELF = YES;
				CLANG_WARN_OBJC_LITERAL_CONVERSION = YES;
				CLANG_WARN_OBJC_ROOT_CLASS = YES_ERROR;
				CLANG_WARN_QUOTED_INCLUDE_IN_FRAMEWORK_HEADER = YES;
				CLANG_WARN_RANGE_LOOP_ANALYSIS = YES;
				CLANG_WARN_STRICT_PROTOTYPES = YES;
				CLANG_WARN_SUSPICIOUS_MOVE = YES;
				CLANG_WARN_UNGUARDED_AVAILABILITY = YES_AGGRESSIVE;
				CLANG_WARN_UNREACHABLE_CODE = YES;
				CLANG_WARN__DUPLICATE_METHOD_MATCH = YES;
				COPY_PHASE_STRIP = NO;
				DEBUG_INFORMATION_FORMAT = dwarf;
				ENABLE_STRICT_OBJC_MSGSEND = YES;
				ENABLE_TESTABILITY = YES;
				GCC_C_LANGUAGE_STANDARD = gnu11;
				GCC_DYNAMIC_NO_PIC = NO;
				GCC_NO_COMMON_BLOCKS = YES;
				GCC_OPTIMIZATION_LEVEL = 0;
				GCC_PREPROCESSOR_DEFINITIONS = (
					"DEBUG=1",
					"$(inherited)",
				);
				GCC_WARN_64_TO_32_BIT_CONVERSION = YES;
				GCC_WARN_ABOUT_RETURN_TYPE = YES_ERROR;
				GCC_WARN_UNDECLARED_SELECTOR = YES;
				GCC_WARN_UNINITIALIZED_AUTOS = YES_AGGRESSIVE;
				GCC_WARN_UNUSED_FUNCTION = YES;
				GCC_WARN_UNUSED_VARIABLE = YES;
				IPHONEOS_DEPLOYMENT_TARGET = 15.0;
				MTL_ENABLE_DEBUG_INFO = INCLUDE_SOURCE;
				MTL_FAST_MATH = YES;
				ONLY_ACTIVE_ARCH = YES;
				SDKROOT = iphoneos;
				SWIFT_ACTIVE_COMPILATION_CONDITIONS = DEBUG;
				SWIFT_OPTIMIZATION_LEVEL = "-Onone";
			};
			name = Debug;
		};
		FE87E923278D9751007A9981 /* Release */ = {
			isa = XCBuildConfiguration;
			buildSettings = {
				ALWAYS_SEARCH_USER_PATHS = NO;
				CLANG_ANALYZER_NONNULL = YES;
				CLANG_ANALYZER_NUMBER_OBJECT_CONVERSION = YES_AGGRESSIVE;
				CLANG_CXX_LANGUAGE_STANDARD = "gnu++17";
				CLANG_CXX_LIBRARY = "libc++";
				CLANG_ENABLE_MODULES = YES;
				CLANG_ENABLE_OBJC_ARC = YES;
				CLANG_ENABLE_OBJC_WEAK = YES;
				CLANG_WARN_BLOCK_CAPTURE_AUTORELEASING = YES;
				CLANG_WARN_BOOL_CONVERSION = YES;
				CLANG_WARN_COMMA = YES;
				CLANG_WARN_CONSTANT_CONVERSION = YES;
				CLANG_WARN_DEPRECATED_OBJC_IMPLEMENTATIONS = YES;
				CLANG_WARN_DIRECT_OBJC_ISA_USAGE = YES_ERROR;
				CLANG_WARN_DOCUMENTATION_COMMENTS = YES;
				CLANG_WARN_EMPTY_BODY = YES;
				CLANG_WARN_ENUM_CONVERSION = YES;
				CLANG_WARN_INFINITE_RECURSION = YES;
				CLANG_WARN_INT_CONVERSION = YES;
				CLANG_WARN_NON_LITERAL_NULL_CONVERSION = YES;
				CLANG_WARN_OBJC_IMPLICIT_RETAIN_SELF = YES;
				CLANG_WARN_OBJC_LITERAL_CONVERSION = YES;
				CLANG_WARN_OBJC_ROOT_CLASS = YES_ERROR;
				CLANG_WARN_QUOTED_INCLUDE_IN_FRAMEWORK_HEADER = YES;
				CLANG_WARN_RANGE_LOOP_ANALYSIS = YES;
				CLANG_WARN_STRICT_PROTOTYPES = YES;
				CLANG_WARN_SUSPICIOUS_MOVE = YES;
				CLANG_WARN_UNGUARDED_AVAILABILITY = YES_AGGRESSIVE;
				CLANG_WARN_UNREACHABLE_CODE = YES;
				CLANG_WARN__DUPLICATE_METHOD_MATCH = YES;
				COPY_PHASE_STRIP = NO;
				DEBUG_INFORMATION_FORMAT = "dwarf-with-dsym";
				ENABLE_NS_ASSERTIONS = NO;
				ENABLE_STRICT_OBJC_MSGSEND = YES;
				GCC_C_LANGUAGE_STANDARD = gnu11;
				GCC_NO_COMMON_BLOCKS = YES;
				GCC_WARN_64_TO_32_BIT_CONVERSION = YES;
				GCC_WARN_ABOUT_RETURN_TYPE = YES_ERROR;
				GCC_WARN_UNDECLARED_SELECTOR = YES;
				GCC_WARN_UNINITIALIZED_AUTOS = YES_AGGRESSIVE;
				GCC_WARN_UNUSED_FUNCTION = YES;
				GCC_WARN_UNUSED_VARIABLE = YES;
				IPHONEOS_DEPLOYMENT_TARGET = 15.0;
				MTL_ENABLE_DEBUG_INFO = NO;
				MTL_FAST_MATH = YES;
				SDKROOT = iphoneos;
				SWIFT_COMPILATION_MODE = wholemodule;
				SWIFT_OPTIMIZATION_LEVEL = "-O";
				VALIDATE_PRODUCT = YES;
			};
			name = Release;
		};
		FE87E925278D9751007A9981 /* Debug */ = {
			isa = XCBuildConfiguration;
			buildSettings = {
				ASSETCATALOG_COMPILER_APPICON_NAME = AppIcon;
				ASSETCATALOG_COMPILER_GLOBAL_ACCENT_COLOR_NAME = AccentColor;
				CODE_SIGN_STYLE = Automatic;
				CURRENT_PROJECT_VERSION = 1;
				DEVELOPMENT_TEAM = NNJ9X2K872;
				GENERATE_INFOPLIST_FILE = YES;
				INFOPLIST_FILE = chatting/Info.plist;
				INFOPLIST_KEY_UIApplicationSupportsIndirectInputEvents = YES;
				INFOPLIST_KEY_UILaunchStoryboardName = LaunchScreen;
				INFOPLIST_KEY_UISupportedInterfaceOrientations_iPad = "UIInterfaceOrientationPortrait UIInterfaceOrientationPortraitUpsideDown UIInterfaceOrientationLandscapeLeft UIInterfaceOrientationLandscapeRight";
				INFOPLIST_KEY_UISupportedInterfaceOrientations_iPhone = "UIInterfaceOrientationPortrait UIInterfaceOrientationLandscapeLeft UIInterfaceOrientationLandscapeRight";
				LD_RUNPATH_SEARCH_PATHS = (
					"$(inherited)",
					"@executable_path/Frameworks",
				);
				MARKETING_VERSION = 1.0;
				PRODUCT_BUNDLE_IDENTIFIER = com.Hoo.chatting;
				PRODUCT_NAME = "$(TARGET_NAME)";
				SWIFT_EMIT_LOC_STRINGS = YES;
				SWIFT_VERSION = 5.0;
				TARGETED_DEVICE_FAMILY = "1,2";
			};
			name = Debug;
		};
		FE87E926278D9751007A9981 /* Release */ = {
			isa = XCBuildConfiguration;
			buildSettings = {
				ASSETCATALOG_COMPILER_APPICON_NAME = AppIcon;
				ASSETCATALOG_COMPILER_GLOBAL_ACCENT_COLOR_NAME = AccentColor;
				CODE_SIGN_STYLE = Automatic;
				CURRENT_PROJECT_VERSION = 1;
				DEVELOPMENT_TEAM = NNJ9X2K872;
				GENERATE_INFOPLIST_FILE = YES;
				INFOPLIST_FILE = chatting/Info.plist;
				INFOPLIST_KEY_UIApplicationSupportsIndirectInputEvents = YES;
				INFOPLIST_KEY_UILaunchStoryboardName = LaunchScreen;
				INFOPLIST_KEY_UISupportedInterfaceOrientations_iPad = "UIInterfaceOrientationPortrait UIInterfaceOrientationPortraitUpsideDown UIInterfaceOrientationLandscapeLeft UIInterfaceOrientationLandscapeRight";
				INFOPLIST_KEY_UISupportedInterfaceOrientations_iPhone = "UIInterfaceOrientationPortrait UIInterfaceOrientationLandscapeLeft UIInterfaceOrientationLandscapeRight";
				LD_RUNPATH_SEARCH_PATHS = (
					"$(inherited)",
					"@executable_path/Frameworks",
				);
				MARKETING_VERSION = 1.0;
				PRODUCT_BUNDLE_IDENTIFIER = com.Hoo.chatting;
				PRODUCT_NAME = "$(TARGET_NAME)";
				SWIFT_EMIT_LOC_STRINGS = YES;
				SWIFT_VERSION = 5.0;
				TARGETED_DEVICE_FAMILY = "1,2";
			};
			name = Release;
		};
/* End XCBuildConfiguration section */

/* Begin XCConfigurationList section */
		FE87E90B278D9750007A9981 /* Build configuration list for PBXProject "chatting" */ = {
			isa = XCConfigurationList;
			buildConfigurations = (
				FE87E922278D9751007A9981 /* Debug */,
				FE87E923278D9751007A9981 /* Release */,
			);
			defaultConfigurationIsVisible = 0;
			defaultConfigurationName = Release;
		};
		FE87E924278D9751007A9981 /* Build configuration list for PBXNativeTarget "chatting" */ = {
			isa = XCConfigurationList;
			buildConfigurations = (
				FE87E925278D9751007A9981 /* Debug */,
				FE87E926278D9751007A9981 /* Release */,
			);
			defaultConfigurationIsVisible = 0;
			defaultConfigurationName = Release;
		};
/* End XCConfigurationList section */

/* Begin XCRemoteSwiftPackageReference section */
		FE87E92B278D985E007A9981 /* XCRemoteSwiftPackageReference "SnapKit" */ = {
			isa = XCRemoteSwiftPackageReference;
			repositoryURL = "https://github.com/SnapKit/SnapKit.git";
			requirement = {
				kind = upToNextMajorVersion;
				minimumVersion = 5.0.0;
			};
		};
/* End XCRemoteSwiftPackageReference section */

/* Begin XCSwiftPackageProductDependency section */
		FE87E92C278D985E007A9981 /* SnapKit */ = {
			isa = XCSwiftPackageProductDependency;
			package = FE87E92B278D985E007A9981 /* XCRemoteSwiftPackageReference "SnapKit" */;
			productName = SnapKit;
		};
/* End XCSwiftPackageProductDependency section */
	};
	rootObject = FE87E908278D9750007A9981 /* Project object */;
}
